// !$*UTF8*$!
{
	archiveVersion = 1;
	classes = {
	};
	objectVersion = 56;
	objects = {

/* Begin PBXBuildFile section */
		3FB08AF09A83B95B22A6A7E1 /* Pods_SwiftRedesign.framework in Frameworks */ = {isa = PBXBuildFile; fileRef = A01E1E613A82407E2B7BC6E0 /* Pods_SwiftRedesign.framework */; };
		CC90A9862CDA49FF00CF4069 /* OpenHoursSelectionViewController.swift in Sources */ = {isa = PBXBuildFile; fileRef = CC90A9852CDA49FF00CF4069 /* OpenHoursSelectionViewController.swift */; };
		CC90A9882CDB2BF900CF4069 /* OpenHoursWeekDayCell.swift in Sources */ = {isa = PBXBuildFile; fileRef = CC90A9872CDB2BF900CF4069 /* OpenHoursWeekDayCell.swift */; };
		CC90A98A2CDB333000CF4069 /* OpenHoursSelectTimeCell.swift in Sources */ = {isa = PBXBuildFile; fileRef = CC90A9892CDB333000CF4069 /* OpenHoursSelectTimeCell.swift */; };
		CC90A98C2CDB472400CF4069 /* CollectionViewSupplementaryItemTextView.swift in Sources */ = {isa = PBXBuildFile; fileRef = CC90A98B2CDB472400CF4069 /* CollectionViewSupplementaryItemTextView.swift */; };
		CC90A98E2CDB6A6500CF4069 /* TimeRangePickerView.swift in Sources */ = {isa = PBXBuildFile; fileRef = CC90A98D2CDB6A6500CF4069 /* TimeRangePickerView.swift */; };
		CC90A9902CDCC91300CF4069 /* OpenHoursCustomTimeCell.swift in Sources */ = {isa = PBXBuildFile; fileRef = CC90A98F2CDCC91300CF4069 /* OpenHoursCustomTimeCell.swift */; };
		CC90A9922CDCE15600CF4069 /* AddAPlaceThankYouViewController.swift in Sources */ = {isa = PBXBuildFile; fileRef = CC90A9912CDCE15600CF4069 /* AddAPlaceThankYouViewController.swift */; };
		CC90A9992CE1D72E00CF4069 /* PostOnMapFixOnMapCategoryItemCell.swift in Sources */ = {isa = PBXBuildFile; fileRef = CC90A9982CE1D72E00CF4069 /* PostOnMapFixOnMapCategoryItemCell.swift */; };
		CC92856E2CD9FE6900098174 /* AddAPlaceSubCategoryViewController.swift in Sources */ = {isa = PBXBuildFile; fileRef = CC92856D2CD9FE6900098174 /* AddAPlaceSubCategoryViewController.swift */; };
		CC933EBA2CBCEB4B00F8D51E /* BaseViewController.swift in Sources */ = {isa = PBXBuildFile; fileRef = CC933EB92CBCEB4B00F8D51E /* BaseViewController.swift */; };
		CC933EC22CBD179A00F8D51E /* MyLayers.swift in Sources */ = {isa = PBXBuildFile; fileRef = CC933EC12CBD179A00F8D51E /* MyLayers.swift */; };
		CC933EC42CC0E8FE00F8D51E /* UIColor+Extension.swift in Sources */ = {isa = PBXBuildFile; fileRef = CC933EC32CC0E8FD00F8D51E /* UIColor+Extension.swift */; };
		CC933EC72CC2179100F8D51E /* GadgetsStatusCell.swift in Sources */ = {isa = PBXBuildFile; fileRef = CC933EC62CC2179100F8D51E /* GadgetsStatusCell.swift */; };
		CC933EC92CC232C200F8D51E /* GadgetsHandler.swift in Sources */ = {isa = PBXBuildFile; fileRef = CC933EC82CC232C200F8D51E /* GadgetsHandler.swift */; };
		CC933ECC2CC6356200F8D51E /* GadgetsTableViewCell.swift in Sources */ = {isa = PBXBuildFile; fileRef = CC933ECB2CC6356200F8D51E /* GadgetsTableViewCell.swift */; };
		CC933ECE2CC6359A00F8D51E /* GadgetsTableFooterCell.swift in Sources */ = {isa = PBXBuildFile; fileRef = CC933ECD2CC6359A00F8D51E /* GadgetsTableFooterCell.swift */; };
		CC933ED02CC6626A00F8D51E /* NewGadgetView.swift in Sources */ = {isa = PBXBuildFile; fileRef = CC933ECF2CC6626A00F8D51E /* NewGadgetView.swift */; };
		CC933ED32CC7826700F8D51E /* EVFilterViewController.swift in Sources */ = {isa = PBXBuildFile; fileRef = CC933ED22CC7826700F8D51E /* EVFilterViewController.swift */; };
		CC933ED62CC7C93100F8D51E /* EVFilterCollectionViewCell.swift in Sources */ = {isa = PBXBuildFile; fileRef = CC933ED52CC7C93100F8D51E /* EVFilterCollectionViewCell.swift */; };
		CC933EDB2CC8D4C500F8D51E /* EVFilterHeaderTitleSupplementaryView.swift in Sources */ = {isa = PBXBuildFile; fileRef = CC933EDA2CC8D4C500F8D51E /* EVFilterHeaderTitleSupplementaryView.swift */; };
		CC933EDE2CC8DA4D00F8D51E /* EVFilterFooterLineSupplementaryView.swift in Sources */ = {isa = PBXBuildFile; fileRef = CC933EDD2CC8DA4D00F8D51E /* EVFilterFooterLineSupplementaryView.swift */; };
		CC933EE02CC923AD00F8D51E /* AddAPlaceViewController.swift in Sources */ = {isa = PBXBuildFile; fileRef = CC933EDF2CC923AD00F8D51E /* AddAPlaceViewController.swift */; };
		CC933EE22CC9FC8800F8D51E /* BaseViewController+Gadgets.swift in Sources */ = {isa = PBXBuildFile; fileRef = CC933EE12CC9FC8700F8D51E /* BaseViewController+Gadgets.swift */; };
		CC933EE42CCA001D00F8D51E /* BaseViewController+AddAPlace.swift in Sources */ = {isa = PBXBuildFile; fileRef = CC933EE32CCA001D00F8D51E /* BaseViewController+AddAPlace.swift */; };
		CC933EE62CCA124F00F8D51E /* ChooseOnMapViewController.swift in Sources */ = {isa = PBXBuildFile; fileRef = CC933EE52CCA124F00F8D51E /* ChooseOnMapViewController.swift */; };
		CC933EE92CCB73D400F8D51E /* AddAPlaceCollectionViewInfoCell.swift in Sources */ = {isa = PBXBuildFile; fileRef = CC933EE82CCB73D300F8D51E /* AddAPlaceCollectionViewInfoCell.swift */; };
		CC933EEB2CCB9A0300F8D51E /* AddAPlaceEditLocationOnMapCell.swift in Sources */ = {isa = PBXBuildFile; fileRef = CC933EEA2CCB9A0300F8D51E /* AddAPlaceEditLocationOnMapCell.swift */; };
		CC933EED2CCC82E900F8D51E /* String+Extension.swift in Sources */ = {isa = PBXBuildFile; fileRef = CC933EEC2CCC82E900F8D51E /* String+Extension.swift */; };
		CC933EF22CCF95EF00F8D51E /* AddAPlaceImageCell.swift in Sources */ = {isa = PBXBuildFile; fileRef = CC933EF12CCF95EF00F8D51E /* AddAPlaceImageCell.swift */; };
		CC933EF42CCFB82300F8D51E /* AddAPlaceAdditionalInfoCell.swift in Sources */ = {isa = PBXBuildFile; fileRef = CC933EF32CCFB82300F8D51E /* AddAPlaceAdditionalInfoCell.swift */; };
		CC933EF62CCFBBAD00F8D51E /* AddAPlaceHeaderSupplementaryView.swift in Sources */ = {isa = PBXBuildFile; fileRef = CC933EF52CCFBBAD00F8D51E /* AddAPlaceHeaderSupplementaryView.swift */; };
		CC933EF82CCFBCC200F8D51E /* UIButton+Extension.swift in Sources */ = {isa = PBXBuildFile; fileRef = CC933EF72CCFBCC200F8D51E /* UIButton+Extension.swift */; };
		CC933EFB2CD0C60700F8D51E /* ChooseOnMapAddressTypeView.swift in Sources */ = {isa = PBXBuildFile; fileRef = CC933EFA2CD0C60700F8D51E /* ChooseOnMapAddressTypeView.swift */; };
		CC933EFD2CD0C61700F8D51E /* ChooseOnMapSelectAddressView.swift in Sources */ = {isa = PBXBuildFile; fileRef = CC933EFC2CD0C61700F8D51E /* ChooseOnMapSelectAddressView.swift */; };
		CC933EFF2CD102E600F8D51E /* ChooseOnMapParentVC.swift in Sources */ = {isa = PBXBuildFile; fileRef = CC933EFE2CD102E600F8D51E /* ChooseOnMapParentVC.swift */; };
		CC933F012CD1036A00F8D51E /* AddAPlaceCategoryViewController.swift in Sources */ = {isa = PBXBuildFile; fileRef = CC933F002CD1036A00F8D51E /* AddAPlaceCategoryViewController.swift */; };
		CC933F032CD890C600F8D51E /* CustomSearchBarView.swift in Sources */ = {isa = PBXBuildFile; fileRef = CC933F022CD890C600F8D51E /* CustomSearchBarView.swift */; };
		CC933F052CD8A15500F8D51E /* AddAPlaceCategoryCell.swift in Sources */ = {isa = PBXBuildFile; fileRef = CC933F042CD8A15500F8D51E /* AddAPlaceCategoryCell.swift */; };
		CCDF5FA12CE2258A00C7B0CD /* PostOnMapSubCategoryCell.swift in Sources */ = {isa = PBXBuildFile; fileRef = CCDF5FA02CE2258A00C7B0CD /* PostOnMapSubCategoryCell.swift */; };
		CCDF5FA32CE22F3600C7B0CD /* CommonTableHeaderFooterView.swift in Sources */ = {isa = PBXBuildFile; fileRef = CCDF5FA22CE22F3600C7B0CD /* CommonTableHeaderFooterView.swift */; };
		CCDF5FA52CE35EEC00C7B0CD /* PostReportSuccessfulViewController.swift in Sources */ = {isa = PBXBuildFile; fileRef = CCDF5FA42CE35EEC00C7B0CD /* PostReportSuccessfulViewController.swift */; };
		CCDF5FA72CE3642100C7B0CD /* BaseViewController+PostOnMap+FixOnMap.swift in Sources */ = {isa = PBXBuildFile; fileRef = CCDF5FA62CE3642100C7B0CD /* BaseViewController+PostOnMap+FixOnMap.swift */; };
		CCDF5FAF2CE36B3F00C7B0CD /* NotificationCenterConstants.swift in Sources */ = {isa = PBXBuildFile; fileRef = CCDF5FAE2CE36B3F00C7B0CD /* NotificationCenterConstants.swift */; };
		CCDF5FB12CE37DD400C7B0CD /* FixOnMapCategoryViewController.swift in Sources */ = {isa = PBXBuildFile; fileRef = CCDF5FB02CE37DD400C7B0CD /* FixOnMapCategoryViewController.swift */; };
		CCDF5FB82CE4715500C7B0CD /* PostOnMapCategoryViewController.swift in Sources */ = {isa = PBXBuildFile; fileRef = CCDF5FB72CE4715500C7B0CD /* PostOnMapCategoryViewController.swift */; };
		CCDF5FBA2CE4717B00C7B0CD /* PostOnMapFixOnMapEnterDetailsViewController.swift in Sources */ = {isa = PBXBuildFile; fileRef = CCDF5FB92CE4717B00C7B0CD /* PostOnMapFixOnMapEnterDetailsViewController.swift */; };
		CCDF5FBC2CE4719800C7B0CD /* PostOnMapSubCategoryViewController.swift in Sources */ = {isa = PBXBuildFile; fileRef = CCDF5FBB2CE4719800C7B0CD /* PostOnMapSubCategoryViewController.swift */; };
		CCDF5FF22CE5F35E00C7B0CD /* SFProText-Medium.ttf in Resources */ = {isa = PBXBuildFile; fileRef = CCDF5FD82CE5F35E00C7B0CD /* SFProText-Medium.ttf */; };
		CCDF5FF32CE5F35E00C7B0CD /* NotoSans-Regular.ttf in Resources */ = {isa = PBXBuildFile; fileRef = CCDF5FD92CE5F35E00C7B0CD /* NotoSans-Regular.ttf */; };
		CCDF5FF42CE5F35E00C7B0CD /* SFProText-RegularItalic.ttf in Resources */ = {isa = PBXBuildFile; fileRef = CCDF5FDA2CE5F35E00C7B0CD /* SFProText-RegularItalic.ttf */; };
		CCDF5FF52CE5F35E00C7B0CD /* SFProText-Semibold.ttf in Resources */ = {isa = PBXBuildFile; fileRef = CCDF5FDB2CE5F35E00C7B0CD /* SFProText-Semibold.ttf */; };
		CCDF5FF62CE5F35E00C7B0CD /* DS-DIGIT.TTF in Resources */ = {isa = PBXBuildFile; fileRef = CCDF5FDC2CE5F35E00C7B0CD /* DS-DIGIT.TTF */; };
		CCDF5FF72CE5F35E00C7B0CD /* NotoSans-Bold.ttf in Resources */ = {isa = PBXBuildFile; fileRef = CCDF5FDD2CE5F35E00C7B0CD /* NotoSans-Bold.ttf */; };
		CCDF5FF82CE5F35E00C7B0CD /* SFProText-Regular.ttf in Resources */ = {isa = PBXBuildFile; fileRef = CCDF5FDE2CE5F35E00C7B0CD /* SFProText-Regular.ttf */; };
		CCDF5FF92CE5F35E00C7B0CD /* SFProDisplay-Medium.ttf in Resources */ = {isa = PBXBuildFile; fileRef = CCDF5FDF2CE5F35E00C7B0CD /* SFProDisplay-Medium.ttf */; };
		CCDF5FFA2CE5F35E00C7B0CD /* SFProDisplay-Black.ttf in Resources */ = {isa = PBXBuildFile; fileRef = CCDF5FE02CE5F35E00C7B0CD /* SFProDisplay-Black.ttf */; };
		CCDF5FFB2CE5F35E00C7B0CD /* AntennaCond-Regular.otf in Resources */ = {isa = PBXBuildFile; fileRef = CCDF5FE12CE5F35E00C7B0CD /* AntennaCond-Regular.otf */; };
		CCDF5FFC2CE5F35E00C7B0CD /* SFProText-MediumItalic.ttf in Resources */ = {isa = PBXBuildFile; fileRef = CCDF5FE22CE5F35E00C7B0CD /* SFProText-MediumItalic.ttf */; };
		CCDF5FFD2CE5F35E00C7B0CD /* SFProText-Light.ttf in Resources */ = {isa = PBXBuildFile; fileRef = CCDF5FE32CE5F35E00C7B0CD /* SFProText-Light.ttf */; };
		CCDF5FFE2CE5F35E00C7B0CD /* SFProDisplay-Regular.ttf in Resources */ = {isa = PBXBuildFile; fileRef = CCDF5FE42CE5F35E00C7B0CD /* SFProDisplay-Regular.ttf */; };
		CCDF5FFF2CE5F35E00C7B0CD /* DS-DIGII.TTF in Resources */ = {isa = PBXBuildFile; fileRef = CCDF5FE52CE5F35E00C7B0CD /* DS-DIGII.TTF */; };
		CCDF60002CE5F35E00C7B0CD /* HEX-Font-Regular.ttf in Resources */ = {isa = PBXBuildFile; fileRef = CCDF5FE62CE5F35E00C7B0CD /* HEX-Font-Regular.ttf */; };
		CCDF60012CE5F35E00C7B0CD /* SFProText-SemiboldItalic.ttf in Resources */ = {isa = PBXBuildFile; fileRef = CCDF5FE72CE5F35E00C7B0CD /* SFProText-SemiboldItalic.ttf */; };
		CCDF60022CE5F35E00C7B0CD /* Montserrat-Regular.otf in Resources */ = {isa = PBXBuildFile; fileRef = CCDF5FE82CE5F35E00C7B0CD /* Montserrat-Regular.otf */; };
		CCDF60032CE5F35E00C7B0CD /* Montserrat-Italic_0.ttf in Resources */ = {isa = PBXBuildFile; fileRef = CCDF5FE92CE5F35E00C7B0CD /* Montserrat-Italic_0.ttf */; };
		CCDF60042CE5F35E00C7B0CD /* NotoSans-BoldItalic.ttf in Resources */ = {isa = PBXBuildFile; fileRef = CCDF5FEA2CE5F35E00C7B0CD /* NotoSans-BoldItalic.ttf */; };
		CCDF60052CE5F35E00C7B0CD /* SFProDisplay-Bold.ttf in Resources */ = {isa = PBXBuildFile; fileRef = CCDF5FEB2CE5F35E00C7B0CD /* SFProDisplay-Bold.ttf */; };
		CCDF60062CE5F35E00C7B0CD /* CallingHeart.otf in Resources */ = {isa = PBXBuildFile; fileRef = CCDF5FEC2CE5F35E00C7B0CD /* CallingHeart.otf */; };
		CCDF60072CE5F35E00C7B0CD /* SFProText-Bold.ttf in Resources */ = {isa = PBXBuildFile; fileRef = CCDF5FED2CE5F35E00C7B0CD /* SFProText-Bold.ttf */; };
		CCDF60082CE5F35E00C7B0CD /* GillSans-SemiBold-05.ttf in Resources */ = {isa = PBXBuildFile; fileRef = CCDF5FEE2CE5F35E00C7B0CD /* GillSans-SemiBold-05.ttf */; };
		CCDF60092CE5F35E00C7B0CD /* SFProDisplay-Semibold.ttf in Resources */ = {isa = PBXBuildFile; fileRef = CCDF5FEF2CE5F35E00C7B0CD /* SFProDisplay-Semibold.ttf */; };
		CCDF600A2CE5F35E00C7B0CD /* Montserrat-SemiBold.otf in Resources */ = {isa = PBXBuildFile; fileRef = CCDF5FF02CE5F35E00C7B0CD /* Montserrat-SemiBold.otf */; };
		CCDF600B2CE5F35E00C7B0CD /* NotoSans-Italic.ttf in Resources */ = {isa = PBXBuildFile; fileRef = CCDF5FF12CE5F35E00C7B0CD /* NotoSans-Italic.ttf */; };
		CCF633B92CBCE6FF006FDE35 /* AppDelegate.swift in Sources */ = {isa = PBXBuildFile; fileRef = CCF633B82CBCE6FF006FDE35 /* AppDelegate.swift */; };
		CCF633BB2CBCE6FF006FDE35 /* SceneDelegate.swift in Sources */ = {isa = PBXBuildFile; fileRef = CCF633BA2CBCE6FF006FDE35 /* SceneDelegate.swift */; };
		CCF633C22CBCE700006FDE35 /* Assets.xcassets in Resources */ = {isa = PBXBuildFile; fileRef = CCF633C12CBCE700006FDE35 /* Assets.xcassets */; };
		CCF633C52CBCE700006FDE35 /* LaunchScreen.storyboard in Resources */ = {isa = PBXBuildFile; fileRef = CCF633C32CBCE700006FDE35 /* LaunchScreen.storyboard */; };
		CCF633CD2CBCE7D6006FDE35 /* MyGadgetsVC.swift in Sources */ = {isa = PBXBuildFile; fileRef = CCF633CC2CBCE7D6006FDE35 /* MyGadgetsVC.swift */; };
/* End PBXBuildFile section */

/* Begin PBXFileReference section */
		3AB1500F7479C27ADA22F888 /* Pods-SwiftRedesign.release.xcconfig */ = {isa = PBXFileReference; includeInIndex = 1; lastKnownFileType = text.xcconfig; name = "Pods-SwiftRedesign.release.xcconfig"; path = "Target Support Files/Pods-SwiftRedesign/Pods-SwiftRedesign.release.xcconfig"; sourceTree = "<group>"; };
		711D37F820307595B4C9FD6D /* Pods-SwiftRedesign.debug.xcconfig */ = {isa = PBXFileReference; includeInIndex = 1; lastKnownFileType = text.xcconfig; name = "Pods-SwiftRedesign.debug.xcconfig"; path = "Target Support Files/Pods-SwiftRedesign/Pods-SwiftRedesign.debug.xcconfig"; sourceTree = "<group>"; };
		A01E1E613A82407E2B7BC6E0 /* Pods_SwiftRedesign.framework */ = {isa = PBXFileReference; explicitFileType = wrapper.framework; includeInIndex = 0; path = Pods_SwiftRedesign.framework; sourceTree = BUILT_PRODUCTS_DIR; };
		CC90A9852CDA49FF00CF4069 /* OpenHoursSelectionViewController.swift */ = {isa = PBXFileReference; lastKnownFileType = sourcecode.swift; path = OpenHoursSelectionViewController.swift; sourceTree = "<group>"; };
		CC90A9872CDB2BF900CF4069 /* OpenHoursWeekDayCell.swift */ = {isa = PBXFileReference; lastKnownFileType = sourcecode.swift; path = OpenHoursWeekDayCell.swift; sourceTree = "<group>"; };
		CC90A9892CDB333000CF4069 /* OpenHoursSelectTimeCell.swift */ = {isa = PBXFileReference; lastKnownFileType = sourcecode.swift; path = OpenHoursSelectTimeCell.swift; sourceTree = "<group>"; };
		CC90A98B2CDB472400CF4069 /* CollectionViewSupplementaryItemTextView.swift */ = {isa = PBXFileReference; lastKnownFileType = sourcecode.swift; path = CollectionViewSupplementaryItemTextView.swift; sourceTree = "<group>"; };
		CC90A98D2CDB6A6500CF4069 /* TimeRangePickerView.swift */ = {isa = PBXFileReference; lastKnownFileType = sourcecode.swift; path = TimeRangePickerView.swift; sourceTree = "<group>"; };
		CC90A98F2CDCC91300CF4069 /* OpenHoursCustomTimeCell.swift */ = {isa = PBXFileReference; lastKnownFileType = sourcecode.swift; path = OpenHoursCustomTimeCell.swift; sourceTree = "<group>"; };
		CC90A9912CDCE15600CF4069 /* AddAPlaceThankYouViewController.swift */ = {isa = PBXFileReference; lastKnownFileType = sourcecode.swift; path = AddAPlaceThankYouViewController.swift; sourceTree = "<group>"; };
		CC90A9982CE1D72E00CF4069 /* PostOnMapFixOnMapCategoryItemCell.swift */ = {isa = PBXFileReference; lastKnownFileType = sourcecode.swift; path = PostOnMapFixOnMapCategoryItemCell.swift; sourceTree = "<group>"; };
		CC92856D2CD9FE6900098174 /* AddAPlaceSubCategoryViewController.swift */ = {isa = PBXFileReference; lastKnownFileType = sourcecode.swift; path = AddAPlaceSubCategoryViewController.swift; sourceTree = "<group>"; };
		CC933EB92CBCEB4B00F8D51E /* BaseViewController.swift */ = {isa = PBXFileReference; lastKnownFileType = sourcecode.swift; path = BaseViewController.swift; sourceTree = "<group>"; };
		CC933EC12CBD179A00F8D51E /* MyLayers.swift */ = {isa = PBXFileReference; lastKnownFileType = sourcecode.swift; path = MyLayers.swift; sourceTree = "<group>"; };
		CC933EC32CC0E8FD00F8D51E /* UIColor+Extension.swift */ = {isa = PBXFileReference; lastKnownFileType = sourcecode.swift; path = "UIColor+Extension.swift"; sourceTree = "<group>"; };
		CC933EC62CC2179100F8D51E /* GadgetsStatusCell.swift */ = {isa = PBXFileReference; lastKnownFileType = sourcecode.swift; path = GadgetsStatusCell.swift; sourceTree = "<group>"; };
		CC933EC82CC232C200F8D51E /* GadgetsHandler.swift */ = {isa = PBXFileReference; lastKnownFileType = sourcecode.swift; path = GadgetsHandler.swift; sourceTree = "<group>"; };
		CC933ECB2CC6356200F8D51E /* GadgetsTableViewCell.swift */ = {isa = PBXFileReference; lastKnownFileType = sourcecode.swift; path = GadgetsTableViewCell.swift; sourceTree = "<group>"; };
		CC933ECD2CC6359A00F8D51E /* GadgetsTableFooterCell.swift */ = {isa = PBXFileReference; lastKnownFileType = sourcecode.swift; path = GadgetsTableFooterCell.swift; sourceTree = "<group>"; };
		CC933ECF2CC6626A00F8D51E /* NewGadgetView.swift */ = {isa = PBXFileReference; lastKnownFileType = sourcecode.swift; path = NewGadgetView.swift; sourceTree = "<group>"; };
		CC933ED22CC7826700F8D51E /* EVFilterViewController.swift */ = {isa = PBXFileReference; lastKnownFileType = sourcecode.swift; path = EVFilterViewController.swift; sourceTree = "<group>"; };
		CC933ED52CC7C93100F8D51E /* EVFilterCollectionViewCell.swift */ = {isa = PBXFileReference; lastKnownFileType = sourcecode.swift; path = EVFilterCollectionViewCell.swift; sourceTree = "<group>"; };
		CC933EDA2CC8D4C500F8D51E /* EVFilterHeaderTitleSupplementaryView.swift */ = {isa = PBXFileReference; lastKnownFileType = sourcecode.swift; path = EVFilterHeaderTitleSupplementaryView.swift; sourceTree = "<group>"; };
		CC933EDD2CC8DA4D00F8D51E /* EVFilterFooterLineSupplementaryView.swift */ = {isa = PBXFileReference; lastKnownFileType = sourcecode.swift; path = EVFilterFooterLineSupplementaryView.swift; sourceTree = "<group>"; };
		CC933EDF2CC923AD00F8D51E /* AddAPlaceViewController.swift */ = {isa = PBXFileReference; lastKnownFileType = sourcecode.swift; path = AddAPlaceViewController.swift; sourceTree = "<group>"; };
		CC933EE12CC9FC8700F8D51E /* BaseViewController+Gadgets.swift */ = {isa = PBXFileReference; lastKnownFileType = sourcecode.swift; path = "BaseViewController+Gadgets.swift"; sourceTree = "<group>"; };
		CC933EE32CCA001D00F8D51E /* BaseViewController+AddAPlace.swift */ = {isa = PBXFileReference; lastKnownFileType = sourcecode.swift; path = "BaseViewController+AddAPlace.swift"; sourceTree = "<group>"; };
		CC933EE52CCA124F00F8D51E /* ChooseOnMapViewController.swift */ = {isa = PBXFileReference; lastKnownFileType = sourcecode.swift; path = ChooseOnMapViewController.swift; sourceTree = "<group>"; };
		CC933EE82CCB73D300F8D51E /* AddAPlaceCollectionViewInfoCell.swift */ = {isa = PBXFileReference; lastKnownFileType = sourcecode.swift; path = AddAPlaceCollectionViewInfoCell.swift; sourceTree = "<group>"; };
		CC933EEA2CCB9A0300F8D51E /* AddAPlaceEditLocationOnMapCell.swift */ = {isa = PBXFileReference; lastKnownFileType = sourcecode.swift; path = AddAPlaceEditLocationOnMapCell.swift; sourceTree = "<group>"; };
		CC933EEC2CCC82E900F8D51E /* String+Extension.swift */ = {isa = PBXFileReference; lastKnownFileType = sourcecode.swift; path = "String+Extension.swift"; sourceTree = "<group>"; };
		CC933EF12CCF95EF00F8D51E /* AddAPlaceImageCell.swift */ = {isa = PBXFileReference; lastKnownFileType = sourcecode.swift; path = AddAPlaceImageCell.swift; sourceTree = "<group>"; };
		CC933EF32CCFB82300F8D51E /* AddAPlaceAdditionalInfoCell.swift */ = {isa = PBXFileReference; lastKnownFileType = sourcecode.swift; path = AddAPlaceAdditionalInfoCell.swift; sourceTree = "<group>"; };
		CC933EF52CCFBBAD00F8D51E /* AddAPlaceHeaderSupplementaryView.swift */ = {isa = PBXFileReference; lastKnownFileType = sourcecode.swift; path = AddAPlaceHeaderSupplementaryView.swift; sourceTree = "<group>"; };
		CC933EF72CCFBCC200F8D51E /* UIButton+Extension.swift */ = {isa = PBXFileReference; lastKnownFileType = sourcecode.swift; path = "UIButton+Extension.swift"; sourceTree = "<group>"; };
		CC933EFA2CD0C60700F8D51E /* ChooseOnMapAddressTypeView.swift */ = {isa = PBXFileReference; lastKnownFileType = sourcecode.swift; path = ChooseOnMapAddressTypeView.swift; sourceTree = "<group>"; };
		CC933EFC2CD0C61700F8D51E /* ChooseOnMapSelectAddressView.swift */ = {isa = PBXFileReference; lastKnownFileType = sourcecode.swift; path = ChooseOnMapSelectAddressView.swift; sourceTree = "<group>"; };
		CC933EFE2CD102E600F8D51E /* ChooseOnMapParentVC.swift */ = {isa = PBXFileReference; lastKnownFileType = sourcecode.swift; path = ChooseOnMapParentVC.swift; sourceTree = "<group>"; };
		CC933F002CD1036A00F8D51E /* AddAPlaceCategoryViewController.swift */ = {isa = PBXFileReference; lastKnownFileType = sourcecode.swift; path = AddAPlaceCategoryViewController.swift; sourceTree = "<group>"; };
		CC933F022CD890C600F8D51E /* CustomSearchBarView.swift */ = {isa = PBXFileReference; lastKnownFileType = sourcecode.swift; path = CustomSearchBarView.swift; sourceTree = "<group>"; };
		CC933F042CD8A15500F8D51E /* AddAPlaceCategoryCell.swift */ = {isa = PBXFileReference; lastKnownFileType = sourcecode.swift; path = AddAPlaceCategoryCell.swift; sourceTree = "<group>"; };
		CCDF5FA02CE2258A00C7B0CD /* PostOnMapSubCategoryCell.swift */ = {isa = PBXFileReference; lastKnownFileType = sourcecode.swift; path = PostOnMapSubCategoryCell.swift; sourceTree = "<group>"; };
		CCDF5FA22CE22F3600C7B0CD /* CommonTableHeaderFooterView.swift */ = {isa = PBXFileReference; lastKnownFileType = sourcecode.swift; path = CommonTableHeaderFooterView.swift; sourceTree = "<group>"; };
		CCDF5FA42CE35EEC00C7B0CD /* PostReportSuccessfulViewController.swift */ = {isa = PBXFileReference; lastKnownFileType = sourcecode.swift; path = PostReportSuccessfulViewController.swift; sourceTree = "<group>"; };
		CCDF5FA62CE3642100C7B0CD /* BaseViewController+PostOnMap+FixOnMap.swift */ = {isa = PBXFileReference; lastKnownFileType = sourcecode.swift; path = "BaseViewController+PostOnMap+FixOnMap.swift"; sourceTree = "<group>"; };
		CCDF5FAE2CE36B3F00C7B0CD /* NotificationCenterConstants.swift */ = {isa = PBXFileReference; lastKnownFileType = sourcecode.swift; path = NotificationCenterConstants.swift; sourceTree = "<group>"; };
		CCDF5FB02CE37DD400C7B0CD /* FixOnMapCategoryViewController.swift */ = {isa = PBXFileReference; lastKnownFileType = sourcecode.swift; path = FixOnMapCategoryViewController.swift; sourceTree = "<group>"; };
		CCDF5FB72CE4715500C7B0CD /* PostOnMapCategoryViewController.swift */ = {isa = PBXFileReference; lastKnownFileType = sourcecode.swift; path = PostOnMapCategoryViewController.swift; sourceTree = "<group>"; };
		CCDF5FB92CE4717B00C7B0CD /* PostOnMapFixOnMapEnterDetailsViewController.swift */ = {isa = PBXFileReference; lastKnownFileType = sourcecode.swift; path = PostOnMapFixOnMapEnterDetailsViewController.swift; sourceTree = "<group>"; };
		CCDF5FBB2CE4719800C7B0CD /* PostOnMapSubCategoryViewController.swift */ = {isa = PBXFileReference; lastKnownFileType = sourcecode.swift; path = PostOnMapSubCategoryViewController.swift; sourceTree = "<group>"; };
		CCDF5FD82CE5F35E00C7B0CD /* SFProText-Medium.ttf */ = {isa = PBXFileReference; lastKnownFileType = file; path = "SFProText-Medium.ttf"; sourceTree = "<group>"; };
		CCDF5FD92CE5F35E00C7B0CD /* NotoSans-Regular.ttf */ = {isa = PBXFileReference; lastKnownFileType = file; path = "NotoSans-Regular.ttf"; sourceTree = "<group>"; };
		CCDF5FDA2CE5F35E00C7B0CD /* SFProText-RegularItalic.ttf */ = {isa = PBXFileReference; lastKnownFileType = file; path = "SFProText-RegularItalic.ttf"; sourceTree = "<group>"; };
		CCDF5FDB2CE5F35E00C7B0CD /* SFProText-Semibold.ttf */ = {isa = PBXFileReference; lastKnownFileType = file; path = "SFProText-Semibold.ttf"; sourceTree = "<group>"; };
		CCDF5FDC2CE5F35E00C7B0CD /* DS-DIGIT.TTF */ = {isa = PBXFileReference; lastKnownFileType = file; path = "DS-DIGIT.TTF"; sourceTree = "<group>"; };
		CCDF5FDD2CE5F35E00C7B0CD /* NotoSans-Bold.ttf */ = {isa = PBXFileReference; lastKnownFileType = file; path = "NotoSans-Bold.ttf"; sourceTree = "<group>"; };
		CCDF5FDE2CE5F35E00C7B0CD /* SFProText-Regular.ttf */ = {isa = PBXFileReference; lastKnownFileType = file; path = "SFProText-Regular.ttf"; sourceTree = "<group>"; };
		CCDF5FDF2CE5F35E00C7B0CD /* SFProDisplay-Medium.ttf */ = {isa = PBXFileReference; lastKnownFileType = file; path = "SFProDisplay-Medium.ttf"; sourceTree = "<group>"; };
		CCDF5FE02CE5F35E00C7B0CD /* SFProDisplay-Black.ttf */ = {isa = PBXFileReference; lastKnownFileType = file; path = "SFProDisplay-Black.ttf"; sourceTree = "<group>"; };
		CCDF5FE12CE5F35E00C7B0CD /* AntennaCond-Regular.otf */ = {isa = PBXFileReference; lastKnownFileType = file; path = "AntennaCond-Regular.otf"; sourceTree = "<group>"; };
		CCDF5FE22CE5F35E00C7B0CD /* SFProText-MediumItalic.ttf */ = {isa = PBXFileReference; lastKnownFileType = file; path = "SFProText-MediumItalic.ttf"; sourceTree = "<group>"; };
		CCDF5FE32CE5F35E00C7B0CD /* SFProText-Light.ttf */ = {isa = PBXFileReference; lastKnownFileType = file; path = "SFProText-Light.ttf"; sourceTree = "<group>"; };
		CCDF5FE42CE5F35E00C7B0CD /* SFProDisplay-Regular.ttf */ = {isa = PBXFileReference; lastKnownFileType = file; path = "SFProDisplay-Regular.ttf"; sourceTree = "<group>"; };
		CCDF5FE52CE5F35E00C7B0CD /* DS-DIGII.TTF */ = {isa = PBXFileReference; lastKnownFileType = file; path = "DS-DIGII.TTF"; sourceTree = "<group>"; };
		CCDF5FE62CE5F35E00C7B0CD /* HEX-Font-Regular.ttf */ = {isa = PBXFileReference; lastKnownFileType = file; path = "HEX-Font-Regular.ttf"; sourceTree = "<group>"; };
		CCDF5FE72CE5F35E00C7B0CD /* SFProText-SemiboldItalic.ttf */ = {isa = PBXFileReference; lastKnownFileType = file; path = "SFProText-SemiboldItalic.ttf"; sourceTree = "<group>"; };
		CCDF5FE82CE5F35E00C7B0CD /* Montserrat-Regular.otf */ = {isa = PBXFileReference; lastKnownFileType = file; path = "Montserrat-Regular.otf"; sourceTree = "<group>"; };
		CCDF5FE92CE5F35E00C7B0CD /* Montserrat-Italic_0.ttf */ = {isa = PBXFileReference; lastKnownFileType = file; path = "Montserrat-Italic_0.ttf"; sourceTree = "<group>"; };
		CCDF5FEA2CE5F35E00C7B0CD /* NotoSans-BoldItalic.ttf */ = {isa = PBXFileReference; lastKnownFileType = file; path = "NotoSans-BoldItalic.ttf"; sourceTree = "<group>"; };
		CCDF5FEB2CE5F35E00C7B0CD /* SFProDisplay-Bold.ttf */ = {isa = PBXFileReference; lastKnownFileType = file; path = "SFProDisplay-Bold.ttf"; sourceTree = "<group>"; };
		CCDF5FEC2CE5F35E00C7B0CD /* CallingHeart.otf */ = {isa = PBXFileReference; lastKnownFileType = file; path = CallingHeart.otf; sourceTree = "<group>"; };
		CCDF5FED2CE5F35E00C7B0CD /* SFProText-Bold.ttf */ = {isa = PBXFileReference; lastKnownFileType = file; path = "SFProText-Bold.ttf"; sourceTree = "<group>"; };
		CCDF5FEE2CE5F35E00C7B0CD /* GillSans-SemiBold-05.ttf */ = {isa = PBXFileReference; lastKnownFileType = file; path = "GillSans-SemiBold-05.ttf"; sourceTree = "<group>"; };
		CCDF5FEF2CE5F35E00C7B0CD /* SFProDisplay-Semibold.ttf */ = {isa = PBXFileReference; lastKnownFileType = file; path = "SFProDisplay-Semibold.ttf"; sourceTree = "<group>"; };
		CCDF5FF02CE5F35E00C7B0CD /* Montserrat-SemiBold.otf */ = {isa = PBXFileReference; lastKnownFileType = file; path = "Montserrat-SemiBold.otf"; sourceTree = "<group>"; };
		CCDF5FF12CE5F35E00C7B0CD /* NotoSans-Italic.ttf */ = {isa = PBXFileReference; lastKnownFileType = file; path = "NotoSans-Italic.ttf"; sourceTree = "<group>"; };
		CCDF600E2CE5F36C00C7B0CD /* NotoSans-Regular.ttf */ = {isa = PBXFileReference; lastKnownFileType = file; path = "NotoSans-Regular.ttf"; sourceTree = "<group>"; };
		CCDF600F2CE5F36C00C7B0CD /* DS-DIGIT.TTF */ = {isa = PBXFileReference; lastKnownFileType = file; path = "DS-DIGIT.TTF"; sourceTree = "<group>"; };
		CCDF60102CE5F36C00C7B0CD /* SFProText-Medium.ttf */ = {isa = PBXFileReference; lastKnownFileType = file; path = "SFProText-Medium.ttf"; sourceTree = "<group>"; };
		CCDF60112CE5F36C00C7B0CD /* SFProDisplay-Medium.ttf */ = {isa = PBXFileReference; lastKnownFileType = file; path = "SFProDisplay-Medium.ttf"; sourceTree = "<group>"; };
		CCDF60122CE5F36D00C7B0CD /* DS-DIGII.TTF */ = {isa = PBXFileReference; lastKnownFileType = file; path = "DS-DIGII.TTF"; sourceTree = "<group>"; };
		CCDF60132CE5F36D00C7B0CD /* SFProDisplay-Black.ttf */ = {isa = PBXFileReference; lastKnownFileType = file; path = "SFProDisplay-Black.ttf"; sourceTree = "<group>"; };
		CCDF60142CE5F36D00C7B0CD /* GillSans-SemiBold-05.ttf */ = {isa = PBXFileReference; lastKnownFileType = file; path = "GillSans-SemiBold-05.ttf"; sourceTree = "<group>"; };
		CCDF60152CE5F36D00C7B0CD /* NotoSans-Italic.ttf */ = {isa = PBXFileReference; lastKnownFileType = file; path = "NotoSans-Italic.ttf"; sourceTree = "<group>"; };
		CCDF60162CE5F36D00C7B0CD /* SFProText-MediumItalic.ttf */ = {isa = PBXFileReference; lastKnownFileType = file; path = "SFProText-MediumItalic.ttf"; sourceTree = "<group>"; };
		CCDF60172CE5F36D00C7B0CD /* SFProText-RegularItalic.ttf */ = {isa = PBXFileReference; lastKnownFileType = file; path = "SFProText-RegularItalic.ttf"; sourceTree = "<group>"; };
		CCDF60182CE5F36D00C7B0CD /* SFProText-SemiboldItalic.ttf */ = {isa = PBXFileReference; lastKnownFileType = file; path = "SFProText-SemiboldItalic.ttf"; sourceTree = "<group>"; };
		CCDF60192CE5F36D00C7B0CD /* HEX-Font-Regular.ttf */ = {isa = PBXFileReference; lastKnownFileType = file; path = "HEX-Font-Regular.ttf"; sourceTree = "<group>"; };
		CCDF601A2CE5F36D00C7B0CD /* AntennaCond-Regular.otf */ = {isa = PBXFileReference; lastKnownFileType = file; path = "AntennaCond-Regular.otf"; sourceTree = "<group>"; };
		CCDF601B2CE5F36E00C7B0CD /* CallingHeart.otf */ = {isa = PBXFileReference; lastKnownFileType = file; path = CallingHeart.otf; sourceTree = "<group>"; };
		CCDF601C2CE5F36E00C7B0CD /* SFProText-Light.ttf */ = {isa = PBXFileReference; lastKnownFileType = file; path = "SFProText-Light.ttf"; sourceTree = "<group>"; };
		CCDF601D2CE5F36E00C7B0CD /* SFProDisplay-Regular.ttf */ = {isa = PBXFileReference; lastKnownFileType = file; path = "SFProDisplay-Regular.ttf"; sourceTree = "<group>"; };
		CCDF601E2CE5F36E00C7B0CD /* Montserrat-SemiBold.otf */ = {isa = PBXFileReference; lastKnownFileType = file; path = "Montserrat-SemiBold.otf"; sourceTree = "<group>"; };
		CCDF601F2CE5F36E00C7B0CD /* Montserrat-Italic_0.ttf */ = {isa = PBXFileReference; lastKnownFileType = file; path = "Montserrat-Italic_0.ttf"; sourceTree = "<group>"; };
		CCDF60202CE5F36E00C7B0CD /* SFProText-Semibold.ttf */ = {isa = PBXFileReference; lastKnownFileType = file; path = "SFProText-Semibold.ttf"; sourceTree = "<group>"; };
		CCDF60212CE5F36E00C7B0CD /* NotoSans-Bold.ttf */ = {isa = PBXFileReference; lastKnownFileType = file; path = "NotoSans-Bold.ttf"; sourceTree = "<group>"; };
		CCDF60222CE5F36E00C7B0CD /* SFProText-Regular.ttf */ = {isa = PBXFileReference; lastKnownFileType = file; path = "SFProText-Regular.ttf"; sourceTree = "<group>"; };
		CCDF60232CE5F36E00C7B0CD /* Montserrat-Regular.otf */ = {isa = PBXFileReference; lastKnownFileType = file; path = "Montserrat-Regular.otf"; sourceTree = "<group>"; };
		CCDF60242CE5F36E00C7B0CD /* SFProDisplay-Bold.ttf */ = {isa = PBXFileReference; lastKnownFileType = file; path = "SFProDisplay-Bold.ttf"; sourceTree = "<group>"; };
		CCDF60252CE5F36E00C7B0CD /* NotoSans-BoldItalic.ttf */ = {isa = PBXFileReference; lastKnownFileType = file; path = "NotoSans-BoldItalic.ttf"; sourceTree = "<group>"; };
		CCDF60262CE5F36F00C7B0CD /* SFProDisplay-Semibold.ttf */ = {isa = PBXFileReference; lastKnownFileType = file; path = "SFProDisplay-Semibold.ttf"; sourceTree = "<group>"; };
		CCDF60272CE5F36F00C7B0CD /* SFProText-Bold.ttf */ = {isa = PBXFileReference; lastKnownFileType = file; path = "SFProText-Bold.ttf"; sourceTree = "<group>"; };
		CCF633B52CBCE6FF006FDE35 /* SwiftRedesign.app */ = {isa = PBXFileReference; explicitFileType = wrapper.application; includeInIndex = 0; path = SwiftRedesign.app; sourceTree = BUILT_PRODUCTS_DIR; };
		CCF633B82CBCE6FF006FDE35 /* AppDelegate.swift */ = {isa = PBXFileReference; lastKnownFileType = sourcecode.swift; path = AppDelegate.swift; sourceTree = "<group>"; };
		CCF633BA2CBCE6FF006FDE35 /* SceneDelegate.swift */ = {isa = PBXFileReference; lastKnownFileType = sourcecode.swift; path = SceneDelegate.swift; sourceTree = "<group>"; };
		CCF633C12CBCE700006FDE35 /* Assets.xcassets */ = {isa = PBXFileReference; lastKnownFileType = folder.assetcatalog; path = Assets.xcassets; sourceTree = "<group>"; };
		CCF633C42CBCE700006FDE35 /* Base */ = {isa = PBXFileReference; lastKnownFileType = file.storyboard; name = Base; path = Base.lproj/LaunchScreen.storyboard; sourceTree = "<group>"; };
		CCF633C62CBCE700006FDE35 /* Info.plist */ = {isa = PBXFileReference; lastKnownFileType = text.plist.xml; path = Info.plist; sourceTree = "<group>"; };
		CCF633CC2CBCE7D6006FDE35 /* MyGadgetsVC.swift */ = {isa = PBXFileReference; lastKnownFileType = sourcecode.swift; path = MyGadgetsVC.swift; sourceTree = "<group>"; };
/* End PBXFileReference section */

/* Begin PBXFrameworksBuildPhase section */
		CCF633B22CBCE6FF006FDE35 /* Frameworks */ = {
			isa = PBXFrameworksBuildPhase;
			buildActionMask = 2147483647;
			files = (
				3FB08AF09A83B95B22A6A7E1 /* Pods_SwiftRedesign.framework in Frameworks */,
			);
			runOnlyForDeploymentPostprocessing = 0;
		};
/* End PBXFrameworksBuildPhase section */

/* Begin PBXGroup section */
		CC90A9972CE1D71900CF4069 /* PostOnMap */ = {
			isa = PBXGroup;
			children = (
				CC90A9982CE1D72E00CF4069 /* PostOnMapFixOnMapCategoryItemCell.swift */,
				CCDF5FA02CE2258A00C7B0CD /* PostOnMapSubCategoryCell.swift */,
			);
			path = PostOnMap;
			sourceTree = "<group>";
		};
		CC933EC52CC2177800F8D51E /* Gadgets */ = {
			isa = PBXGroup;
			children = (
				CC933ECA2CC6355700F8D51E /* cells */,
				CC933EC62CC2179100F8D51E /* GadgetsStatusCell.swift */,
				CC933EC82CC232C200F8D51E /* GadgetsHandler.swift */,
				CCF633CC2CBCE7D6006FDE35 /* MyGadgetsVC.swift */,
				CC933ECF2CC6626A00F8D51E /* NewGadgetView.swift */,
			);
			path = Gadgets;
			sourceTree = "<group>";
		};
		CC933ECA2CC6355700F8D51E /* cells */ = {
			isa = PBXGroup;
			children = (
				CC933ECB2CC6356200F8D51E /* GadgetsTableViewCell.swift */,
				CC933ECD2CC6359A00F8D51E /* GadgetsTableFooterCell.swift */,
			);
			path = cells;
			sourceTree = "<group>";
		};
		CC933ED12CC7824400F8D51E /* Controllers */ = {
			isa = PBXGroup;
			children = (
				CC933ED22CC7826700F8D51E /* EVFilterViewController.swift */,
				CC933EC12CBD179A00F8D51E /* MyLayers.swift */,
				CC933ED52CC7C93100F8D51E /* EVFilterCollectionViewCell.swift */,
				CCDF5FA42CE35EEC00C7B0CD /* PostReportSuccessfulViewController.swift */,
				CCDF5FB72CE4715500C7B0CD /* PostOnMapCategoryViewController.swift */,
				CCDF5FB92CE4717B00C7B0CD /* PostOnMapFixOnMapEnterDetailsViewController.swift */,
				CCDF5FBB2CE4719800C7B0CD /* PostOnMapSubCategoryViewController.swift */,
				CC933EDF2CC923AD00F8D51E /* AddAPlaceViewController.swift */,
				CC933F002CD1036A00F8D51E /* AddAPlaceCategoryViewController.swift */,
				CC933EFE2CD102E600F8D51E /* ChooseOnMapParentVC.swift */,
				CC933EE52CCA124F00F8D51E /* ChooseOnMapViewController.swift */,
				CC92856D2CD9FE6900098174 /* AddAPlaceSubCategoryViewController.swift */,
				CC90A9852CDA49FF00CF4069 /* OpenHoursSelectionViewController.swift */,
				CCDF5FB02CE37DD400C7B0CD /* FixOnMapCategoryViewController.swift */,
			);
			path = Controllers;
			sourceTree = "<group>";
		};
		CC933ED42CC7BFC000F8D51E /* Extensions */ = {
			isa = PBXGroup;
			children = (
				CC933EC32CC0E8FD00F8D51E /* UIColor+Extension.swift */,
				CCDF5FA62CE3642100C7B0CD /* BaseViewController+PostOnMap+FixOnMap.swift */,
				CC933EE12CC9FC8700F8D51E /* BaseViewController+Gadgets.swift */,
				CC933EE32CCA001D00F8D51E /* BaseViewController+AddAPlace.swift */,
				CC933EEC2CCC82E900F8D51E /* String+Extension.swift */,
				CC933EF72CCFBCC200F8D51E /* UIButton+Extension.swift */,
			);
			path = Extensions;
			sourceTree = "<group>";
		};
		CC933ED92CC8D4B800F8D51E /* Views */ = {
			isa = PBXGroup;
			children = (
				CC90A9972CE1D71900CF4069 /* PostOnMap */,
				CC933EF92CD0C5EB00F8D51E /* ChooseOnMap */,
				CC933EEE2CCF54F700F8D51E /* Common */,
				CC933EE72CCB739E00F8D51E /* AddAPlace */,
				CC933EDC2CC8DA4500F8D51E /* EV */,
			);
			path = Views;
			sourceTree = "<group>";
		};
		CC933EDC2CC8DA4500F8D51E /* EV */ = {
			isa = PBXGroup;
			children = (
				CC933EDD2CC8DA4D00F8D51E /* EVFilterFooterLineSupplementaryView.swift */,
				CC933EDA2CC8D4C500F8D51E /* EVFilterHeaderTitleSupplementaryView.swift */,
			);
			path = EV;
			sourceTree = "<group>";
		};
		CC933EE72CCB739E00F8D51E /* AddAPlace */ = {
			isa = PBXGroup;
			children = (
				CC933EE82CCB73D300F8D51E /* AddAPlaceCollectionViewInfoCell.swift */,
				CC90A9892CDB333000CF4069 /* OpenHoursSelectTimeCell.swift */,
				CC933F042CD8A15500F8D51E /* AddAPlaceCategoryCell.swift */,
				CC933EEA2CCB9A0300F8D51E /* AddAPlaceEditLocationOnMapCell.swift */,
				CC933EF12CCF95EF00F8D51E /* AddAPlaceImageCell.swift */,
				CC933EF32CCFB82300F8D51E /* AddAPlaceAdditionalInfoCell.swift */,
				CC933EF52CCFBBAD00F8D51E /* AddAPlaceHeaderSupplementaryView.swift */,
				CC90A9872CDB2BF900CF4069 /* OpenHoursWeekDayCell.swift */,
				CC90A98F2CDCC91300CF4069 /* OpenHoursCustomTimeCell.swift */,
				CC90A9912CDCE15600CF4069 /* AddAPlaceThankYouViewController.swift */,
			);
			path = AddAPlace;
			sourceTree = "<group>";
		};
		CC933EEE2CCF54F700F8D51E /* Common */ = {
			isa = PBXGroup;
			children = (
				CC933F022CD890C600F8D51E /* CustomSearchBarView.swift */,
				CC90A98B2CDB472400CF4069 /* CollectionViewSupplementaryItemTextView.swift */,
				CC90A98D2CDB6A6500CF4069 /* TimeRangePickerView.swift */,
				CCDF5FA22CE22F3600C7B0CD /* CommonTableHeaderFooterView.swift */,
			);
			path = Common;
			sourceTree = "<group>";
		};
		CC933EF92CD0C5EB00F8D51E /* ChooseOnMap */ = {
			isa = PBXGroup;
			children = (
				CC933EFA2CD0C60700F8D51E /* ChooseOnMapAddressTypeView.swift */,
				CC933EFC2CD0C61700F8D51E /* ChooseOnMapSelectAddressView.swift */,
			);
			path = ChooseOnMap;
			sourceTree = "<group>";
		};
		CCDF5FAD2CE36B3300C7B0CD /* Utility */ = {
			isa = PBXGroup;
			children = (
				CCDF5FAE2CE36B3F00C7B0CD /* NotificationCenterConstants.swift */,
			);
			path = Utility;
			sourceTree = "<group>";
		};
		CCDF5FD72CE5F35E00C7B0CD /* fonts */ = {
			isa = PBXGroup;
			children = (
				CCDF5FD82CE5F35E00C7B0CD /* SFProText-Medium.ttf */,
				CCDF5FD92CE5F35E00C7B0CD /* NotoSans-Regular.ttf */,
				CCDF5FDA2CE5F35E00C7B0CD /* SFProText-RegularItalic.ttf */,
				CCDF5FDB2CE5F35E00C7B0CD /* SFProText-Semibold.ttf */,
				CCDF5FDC2CE5F35E00C7B0CD /* DS-DIGIT.TTF */,
				CCDF5FDD2CE5F35E00C7B0CD /* NotoSans-Bold.ttf */,
				CCDF5FDE2CE5F35E00C7B0CD /* SFProText-Regular.ttf */,
				CCDF5FDF2CE5F35E00C7B0CD /* SFProDisplay-Medium.ttf */,
				CCDF5FE02CE5F35E00C7B0CD /* SFProDisplay-Black.ttf */,
				CCDF5FE12CE5F35E00C7B0CD /* AntennaCond-Regular.otf */,
				CCDF5FE22CE5F35E00C7B0CD /* SFProText-MediumItalic.ttf */,
				CCDF5FE32CE5F35E00C7B0CD /* SFProText-Light.ttf */,
				CCDF5FE42CE5F35E00C7B0CD /* SFProDisplay-Regular.ttf */,
				CCDF5FE52CE5F35E00C7B0CD /* DS-DIGII.TTF */,
				CCDF5FE62CE5F35E00C7B0CD /* HEX-Font-Regular.ttf */,
				CCDF5FE72CE5F35E00C7B0CD /* SFProText-SemiboldItalic.ttf */,
				CCDF5FE82CE5F35E00C7B0CD /* Montserrat-Regular.otf */,
				CCDF5FE92CE5F35E00C7B0CD /* Montserrat-Italic_0.ttf */,
				CCDF5FEA2CE5F35E00C7B0CD /* NotoSans-BoldItalic.ttf */,
				CCDF5FEB2CE5F35E00C7B0CD /* SFProDisplay-Bold.ttf */,
				CCDF5FEC2CE5F35E00C7B0CD /* CallingHeart.otf */,
				CCDF5FED2CE5F35E00C7B0CD /* SFProText-Bold.ttf */,
				CCDF5FEE2CE5F35E00C7B0CD /* GillSans-SemiBold-05.ttf */,
				CCDF5FEF2CE5F35E00C7B0CD /* SFProDisplay-Semibold.ttf */,
				CCDF5FF02CE5F35E00C7B0CD /* Montserrat-SemiBold.otf */,
				CCDF5FF12CE5F35E00C7B0CD /* NotoSans-Italic.ttf */,
			);
			name = fonts;
			path = ../../../../Downloads/Mappls_iOS/common/fonts;
			sourceTree = "<group>";
		};
		CCDF600C2CE5F36900C7B0CD /* Common */ = {
			isa = PBXGroup;
			children = (
				CCDF600D2CE5F36C00C7B0CD /* fonts */,
			);
			path = Common;
			sourceTree = "<group>";
		};
		CCDF600D2CE5F36C00C7B0CD /* fonts */ = {
			isa = PBXGroup;
			children = (
				CCDF60102CE5F36C00C7B0CD /* SFProText-Medium.ttf */,
				CCDF600E2CE5F36C00C7B0CD /* NotoSans-Regular.ttf */,
				CCDF60172CE5F36D00C7B0CD /* SFProText-RegularItalic.ttf */,
				CCDF60202CE5F36E00C7B0CD /* SFProText-Semibold.ttf */,
				CCDF600F2CE5F36C00C7B0CD /* DS-DIGIT.TTF */,
				CCDF60212CE5F36E00C7B0CD /* NotoSans-Bold.ttf */,
				CCDF60222CE5F36E00C7B0CD /* SFProText-Regular.ttf */,
				CCDF60112CE5F36C00C7B0CD /* SFProDisplay-Medium.ttf */,
				CCDF60132CE5F36D00C7B0CD /* SFProDisplay-Black.ttf */,
				CCDF601A2CE5F36D00C7B0CD /* AntennaCond-Regular.otf */,
				CCDF60162CE5F36D00C7B0CD /* SFProText-MediumItalic.ttf */,
				CCDF601C2CE5F36E00C7B0CD /* SFProText-Light.ttf */,
				CCDF601D2CE5F36E00C7B0CD /* SFProDisplay-Regular.ttf */,
				CCDF60122CE5F36D00C7B0CD /* DS-DIGII.TTF */,
				CCDF60192CE5F36D00C7B0CD /* HEX-Font-Regular.ttf */,
				CCDF60182CE5F36D00C7B0CD /* SFProText-SemiboldItalic.ttf */,
				CCDF60232CE5F36E00C7B0CD /* Montserrat-Regular.otf */,
				CCDF601F2CE5F36E00C7B0CD /* Montserrat-Italic_0.ttf */,
				CCDF60252CE5F36E00C7B0CD /* NotoSans-BoldItalic.ttf */,
				CCDF60242CE5F36E00C7B0CD /* SFProDisplay-Bold.ttf */,
				CCDF601B2CE5F36E00C7B0CD /* CallingHeart.otf */,
				CCDF60272CE5F36F00C7B0CD /* SFProText-Bold.ttf */,
				CCDF60142CE5F36D00C7B0CD /* GillSans-SemiBold-05.ttf */,
				CCDF60262CE5F36F00C7B0CD /* SFProDisplay-Semibold.ttf */,
				CCDF601E2CE5F36E00C7B0CD /* Montserrat-SemiBold.otf */,
				CCDF60152CE5F36D00C7B0CD /* NotoSans-Italic.ttf */,
			);
			path = fonts;
			sourceTree = "<group>";
		};
		CCF633AC2CBCE6FF006FDE35 = {
			isa = PBXGroup;
			children = (
				CCF633B72CBCE6FF006FDE35 /* SwiftRedesign */,
				CCF633B62CBCE6FF006FDE35 /* Products */,
				DDFDB0A0AA32219FB4234625 /* Pods */,
				FD0A7643A568E0B8407D5601 /* Frameworks */,
			);
			sourceTree = "<group>";
		};
		CCF633B62CBCE6FF006FDE35 /* Products */ = {
			isa = PBXGroup;
			children = (
				CCF633B52CBCE6FF006FDE35 /* SwiftRedesign.app */,
			);
			name = Products;
			sourceTree = "<group>";
		};
		CCF633B72CBCE6FF006FDE35 /* SwiftRedesign */ = {
			isa = PBXGroup;
			children = (
				CCF633B82CBCE6FF006FDE35 /* AppDelegate.swift */,
				CCF633BA2CBCE6FF006FDE35 /* SceneDelegate.swift */,
				CC933EB92CBCEB4B00F8D51E /* BaseViewController.swift */,
				CCDF600C2CE5F36900C7B0CD /* Common */,
				CCDF5FD72CE5F35E00C7B0CD /* fonts */,
				CCDF5FAD2CE36B3300C7B0CD /* Utility */,
				CC933ED92CC8D4B800F8D51E /* Views */,
				CC933ED42CC7BFC000F8D51E /* Extensions */,
				CC933ED12CC7824400F8D51E /* Controllers */,
				CC933EC52CC2177800F8D51E /* Gadgets */,
				CCF633C12CBCE700006FDE35 /* Assets.xcassets */,
				CCF633C32CBCE700006FDE35 /* LaunchScreen.storyboard */,
				CCF633C62CBCE700006FDE35 /* Info.plist */,
			);
			path = SwiftRedesign;
			sourceTree = "<group>";
		};
		DDFDB0A0AA32219FB4234625 /* Pods */ = {
			isa = PBXGroup;
			children = (
				711D37F820307595B4C9FD6D /* Pods-SwiftRedesign.debug.xcconfig */,
				3AB1500F7479C27ADA22F888 /* Pods-SwiftRedesign.release.xcconfig */,
			);
			path = Pods;
			sourceTree = "<group>";
		};
		FD0A7643A568E0B8407D5601 /* Frameworks */ = {
			isa = PBXGroup;
			children = (
				A01E1E613A82407E2B7BC6E0 /* Pods_SwiftRedesign.framework */,
			);
			name = Frameworks;
			sourceTree = "<group>";
		};
/* End PBXGroup section */

/* Begin PBXNativeTarget section */
		CCF633B42CBCE6FF006FDE35 /* SwiftRedesign */ = {
			isa = PBXNativeTarget;
			buildConfigurationList = CCF633C92CBCE700006FDE35 /* Build configuration list for PBXNativeTarget "SwiftRedesign" */;
			buildPhases = (
				D3EBDC264051423799C216FF /* [CP] Check Pods Manifest.lock */,
				CCF633B12CBCE6FF006FDE35 /* Sources */,
				CCF633B22CBCE6FF006FDE35 /* Frameworks */,
				CCF633B32CBCE6FF006FDE35 /* Resources */,
				39516E2F50E9F7DE513C6DA3 /* [CP] Embed Pods Frameworks */,
			);
			buildRules = (
			);
			dependencies = (
			);
			name = SwiftRedesign;
			productName = SwiftRedesign;
			productReference = CCF633B52CBCE6FF006FDE35 /* SwiftRedesign.app */;
			productType = "com.apple.product-type.application";
		};
/* End PBXNativeTarget section */

/* Begin PBXProject section */
		CCF633AD2CBCE6FF006FDE35 /* Project object */ = {
			isa = PBXProject;
			attributes = {
				BuildIndependentTargetsInParallel = 1;
				LastSwiftUpdateCheck = 1420;
				LastUpgradeCheck = 1420;
				TargetAttributes = {
					CCF633B42CBCE6FF006FDE35 = {
						CreatedOnToolsVersion = 14.2;
					};
				};
			};
			buildConfigurationList = CCF633B02CBCE6FF006FDE35 /* Build configuration list for PBXProject "SwiftRedesign" */;
			compatibilityVersion = "Xcode 14.0";
			developmentRegion = en;
			hasScannedForEncodings = 0;
			knownRegions = (
				en,
				Base,
			);
			mainGroup = CCF633AC2CBCE6FF006FDE35;
			productRefGroup = CCF633B62CBCE6FF006FDE35 /* Products */;
			projectDirPath = "";
			projectRoot = "";
			targets = (
				CCF633B42CBCE6FF006FDE35 /* SwiftRedesign */,
			);
		};
/* End PBXProject section */

/* Begin PBXResourcesBuildPhase section */
		CCF633B32CBCE6FF006FDE35 /* Resources */ = {
			isa = PBXResourcesBuildPhase;
			buildActionMask = 2147483647;
			files = (
				CCDF60022CE5F35E00C7B0CD /* Montserrat-Regular.otf in Resources */,
				CCDF5FF72CE5F35E00C7B0CD /* NotoSans-Bold.ttf in Resources */,
				CCDF5FF32CE5F35E00C7B0CD /* NotoSans-Regular.ttf in Resources */,
				CCDF60092CE5F35E00C7B0CD /* SFProDisplay-Semibold.ttf in Resources */,
				CCDF60042CE5F35E00C7B0CD /* NotoSans-BoldItalic.ttf in Resources */,
				CCDF5FFF2CE5F35E00C7B0CD /* DS-DIGII.TTF in Resources */,
				CCDF5FFA2CE5F35E00C7B0CD /* SFProDisplay-Black.ttf in Resources */,
				CCDF5FFE2CE5F35E00C7B0CD /* SFProDisplay-Regular.ttf in Resources */,
				CCDF5FF22CE5F35E00C7B0CD /* SFProText-Medium.ttf in Resources */,
				CCF633C52CBCE700006FDE35 /* LaunchScreen.storyboard in Resources */,
				CCDF60062CE5F35E00C7B0CD /* CallingHeart.otf in Resources */,
				CCDF600B2CE5F35E00C7B0CD /* NotoSans-Italic.ttf in Resources */,
				CCDF60002CE5F35E00C7B0CD /* HEX-Font-Regular.ttf in Resources */,
				CCDF600A2CE5F35E00C7B0CD /* Montserrat-SemiBold.otf in Resources */,
				CCF633C22CBCE700006FDE35 /* Assets.xcassets in Resources */,
				CCDF5FF42CE5F35E00C7B0CD /* SFProText-RegularItalic.ttf in Resources */,
				CCDF5FF52CE5F35E00C7B0CD /* SFProText-Semibold.ttf in Resources */,
				CCDF5FF82CE5F35E00C7B0CD /* SFProText-Regular.ttf in Resources */,
				CCDF5FF62CE5F35E00C7B0CD /* DS-DIGIT.TTF in Resources */,
				CCDF60012CE5F35E00C7B0CD /* SFProText-SemiboldItalic.ttf in Resources */,
				CCDF5FFC2CE5F35E00C7B0CD /* SFProText-MediumItalic.ttf in Resources */,
				CCDF60032CE5F35E00C7B0CD /* Montserrat-Italic_0.ttf in Resources */,
				CCDF60072CE5F35E00C7B0CD /* SFProText-Bold.ttf in Resources */,
				CCDF5FFD2CE5F35E00C7B0CD /* SFProText-Light.ttf in Resources */,
				CCDF60052CE5F35E00C7B0CD /* SFProDisplay-Bold.ttf in Resources */,
				CCDF60082CE5F35E00C7B0CD /* GillSans-SemiBold-05.ttf in Resources */,
				CCDF5FFB2CE5F35E00C7B0CD /* AntennaCond-Regular.otf in Resources */,
				CCDF5FF92CE5F35E00C7B0CD /* SFProDisplay-Medium.ttf in Resources */,
			);
			runOnlyForDeploymentPostprocessing = 0;
		};
/* End PBXResourcesBuildPhase section */

/* Begin PBXShellScriptBuildPhase section */
		39516E2F50E9F7DE513C6DA3 /* [CP] Embed Pods Frameworks */ = {
			isa = PBXShellScriptBuildPhase;
			buildActionMask = 2147483647;
			files = (
			);
			inputFileListPaths = (
				"${PODS_ROOT}/Target Support Files/Pods-SwiftRedesign/Pods-SwiftRedesign-frameworks-${CONFIGURATION}-input-files.xcfilelist",
			);
			name = "[CP] Embed Pods Frameworks";
			outputFileListPaths = (
				"${PODS_ROOT}/Target Support Files/Pods-SwiftRedesign/Pods-SwiftRedesign-frameworks-${CONFIGURATION}-output-files.xcfilelist",
			);
			runOnlyForDeploymentPostprocessing = 0;
			shellPath = /bin/sh;
			shellScript = "\"${PODS_ROOT}/Target Support Files/Pods-SwiftRedesign/Pods-SwiftRedesign-frameworks.sh\"\n";
			showEnvVarsInLog = 0;
		};
		D3EBDC264051423799C216FF /* [CP] Check Pods Manifest.lock */ = {
			isa = PBXShellScriptBuildPhase;
			buildActionMask = 2147483647;
			files = (
			);
			inputFileListPaths = (
			);
			inputPaths = (
				"${PODS_PODFILE_DIR_PATH}/Podfile.lock",
				"${PODS_ROOT}/Manifest.lock",
			);
			name = "[CP] Check Pods Manifest.lock";
			outputFileListPaths = (
			);
			outputPaths = (
				"$(DERIVED_FILE_DIR)/Pods-SwiftRedesign-checkManifestLockResult.txt",
			);
			runOnlyForDeploymentPostprocessing = 0;
			shellPath = /bin/sh;
			shellScript = "diff \"${PODS_PODFILE_DIR_PATH}/Podfile.lock\" \"${PODS_ROOT}/Manifest.lock\" > /dev/null\nif [ $? != 0 ] ; then\n    # print error to STDERR\n    echo \"error: The sandbox is not in sync with the Podfile.lock. Run 'pod install' or update your CocoaPods installation.\" >&2\n    exit 1\nfi\n# This output is used by Xcode 'outputs' to avoid re-running this script phase.\necho \"SUCCESS\" > \"${SCRIPT_OUTPUT_FILE_0}\"\n";
			showEnvVarsInLog = 0;
		};
/* End PBXShellScriptBuildPhase section */

/* Begin PBXSourcesBuildPhase section */
		CCF633B12CBCE6FF006FDE35 /* Sources */ = {
			isa = PBXSourcesBuildPhase;
			buildActionMask = 2147483647;
			files = (
				CC933EFB2CD0C60700F8D51E /* ChooseOnMapAddressTypeView.swift in Sources */,
				CC933ECC2CC6356200F8D51E /* GadgetsTableViewCell.swift in Sources */,
				CC933EF22CCF95EF00F8D51E /* AddAPlaceImageCell.swift in Sources */,
				CC933F052CD8A15500F8D51E /* AddAPlaceCategoryCell.swift in Sources */,
				CC933EE62CCA124F00F8D51E /* ChooseOnMapViewController.swift in Sources */,
				CC90A9992CE1D72E00CF4069 /* PostOnMapFixOnMapCategoryItemCell.swift in Sources */,
				CCDF5FB82CE4715500C7B0CD /* PostOnMapCategoryViewController.swift in Sources */,
				CC90A98E2CDB6A6500CF4069 /* TimeRangePickerView.swift in Sources */,
				CC933EFF2CD102E600F8D51E /* ChooseOnMapParentVC.swift in Sources */,
				CCDF5FA12CE2258A00C7B0CD /* PostOnMapSubCategoryCell.swift in Sources */,
				CC933EE42CCA001D00F8D51E /* BaseViewController+AddAPlace.swift in Sources */,
				CC933EC22CBD179A00F8D51E /* MyLayers.swift in Sources */,
				CC90A9902CDCC91300CF4069 /* OpenHoursCustomTimeCell.swift in Sources */,
				CC933EBA2CBCEB4B00F8D51E /* BaseViewController.swift in Sources */,
				CC933EDB2CC8D4C500F8D51E /* EVFilterHeaderTitleSupplementaryView.swift in Sources */,
				CCF633CD2CBCE7D6006FDE35 /* MyGadgetsVC.swift in Sources */,
				CC933EF42CCFB82300F8D51E /* AddAPlaceAdditionalInfoCell.swift in Sources */,
				CCDF5FB12CE37DD400C7B0CD /* FixOnMapCategoryViewController.swift in Sources */,
				CCDF5FBA2CE4717B00C7B0CD /* PostOnMapFixOnMapEnterDetailsViewController.swift in Sources */,
				CC933EC42CC0E8FE00F8D51E /* UIColor+Extension.swift in Sources */,
				CC933EE02CC923AD00F8D51E /* AddAPlaceViewController.swift in Sources */,
				CCDF5FA32CE22F3600C7B0CD /* CommonTableHeaderFooterView.swift in Sources */,
				CC933EC92CC232C200F8D51E /* GadgetsHandler.swift in Sources */,
				CC933EE92CCB73D400F8D51E /* AddAPlaceCollectionViewInfoCell.swift in Sources */,
				CC933ED02CC6626A00F8D51E /* NewGadgetView.swift in Sources */,
				CC933EED2CCC82E900F8D51E /* String+Extension.swift in Sources */,
				CC933EF82CCFBCC200F8D51E /* UIButton+Extension.swift in Sources */,
				CCDF5FA72CE3642100C7B0CD /* BaseViewController+PostOnMap+FixOnMap.swift in Sources */,
				CC933ED32CC7826700F8D51E /* EVFilterViewController.swift in Sources */,
				CC933EEB2CCB9A0300F8D51E /* AddAPlaceEditLocationOnMapCell.swift in Sources */,
				CC933EE22CC9FC8800F8D51E /* BaseViewController+Gadgets.swift in Sources */,
				CC90A9882CDB2BF900CF4069 /* OpenHoursWeekDayCell.swift in Sources */,
				CC933EC72CC2179100F8D51E /* GadgetsStatusCell.swift in Sources */,
				CC933F032CD890C600F8D51E /* CustomSearchBarView.swift in Sources */,
				CC933F012CD1036A00F8D51E /* AddAPlaceCategoryViewController.swift in Sources */,
				CC933EF62CCFBBAD00F8D51E /* AddAPlaceHeaderSupplementaryView.swift in Sources */,
				CC933ECE2CC6359A00F8D51E /* GadgetsTableFooterCell.swift in Sources */,
				CCF633B92CBCE6FF006FDE35 /* AppDelegate.swift in Sources */,
				CC933ED62CC7C93100F8D51E /* EVFilterCollectionViewCell.swift in Sources */,
				CCDF5FAF2CE36B3F00C7B0CD /* NotificationCenterConstants.swift in Sources */,
				CC933EDE2CC8DA4D00F8D51E /* EVFilterFooterLineSupplementaryView.swift in Sources */,
				CC90A9922CDCE15600CF4069 /* AddAPlaceThankYouViewController.swift in Sources */,
				CC92856E2CD9FE6900098174 /* AddAPlaceSubCategoryViewController.swift in Sources */,
				CC90A98C2CDB472400CF4069 /* CollectionViewSupplementaryItemTextView.swift in Sources */,
				CCDF5FA52CE35EEC00C7B0CD /* PostReportSuccessfulViewController.swift in Sources */,
				CC90A9862CDA49FF00CF4069 /* OpenHoursSelectionViewController.swift in Sources */,
				CC933EFD2CD0C61700F8D51E /* ChooseOnMapSelectAddressView.swift in Sources */,
				CC90A98A2CDB333000CF4069 /* OpenHoursSelectTimeCell.swift in Sources */,
				CCF633BB2CBCE6FF006FDE35 /* SceneDelegate.swift in Sources */,
				CCDF5FBC2CE4719800C7B0CD /* PostOnMapSubCategoryViewController.swift in Sources */,
			);
			runOnlyForDeploymentPostprocessing = 0;
		};
/* End PBXSourcesBuildPhase section */

/* Begin PBXVariantGroup section */
		CCF633C32CBCE700006FDE35 /* LaunchScreen.storyboard */ = {
			isa = PBXVariantGroup;
			children = (
				CCF633C42CBCE700006FDE35 /* Base */,
			);
			name = LaunchScreen.storyboard;
			sourceTree = "<group>";
		};
/* End PBXVariantGroup section */

/* Begin XCBuildConfiguration section */
		CCF633C72CBCE700006FDE35 /* Debug */ = {
			isa = XCBuildConfiguration;
			buildSettings = {
				ALWAYS_SEARCH_USER_PATHS = NO;
				CLANG_ANALYZER_NONNULL = YES;
				CLANG_ANALYZER_NUMBER_OBJECT_CONVERSION = YES_AGGRESSIVE;
				CLANG_CXX_LANGUAGE_STANDARD = "gnu++20";
				CLANG_ENABLE_MODULES = YES;
				CLANG_ENABLE_OBJC_ARC = YES;
				CLANG_ENABLE_OBJC_WEAK = YES;
				CLANG_WARN_BLOCK_CAPTURE_AUTORELEASING = YES;
				CLANG_WARN_BOOL_CONVERSION = YES;
				CLANG_WARN_COMMA = YES;
				CLANG_WARN_CONSTANT_CONVERSION = YES;
				CLANG_WARN_DEPRECATED_OBJC_IMPLEMENTATIONS = YES;
				CLANG_WARN_DIRECT_OBJC_ISA_USAGE = YES_ERROR;
				CLANG_WARN_DOCUMENTATION_COMMENTS = YES;
				CLANG_WARN_EMPTY_BODY = YES;
				CLANG_WARN_ENUM_CONVERSION = YES;
				CLANG_WARN_INFINITE_RECURSION = YES;
				CLANG_WARN_INT_CONVERSION = YES;
				CLANG_WARN_NON_LITERAL_NULL_CONVERSION = YES;
				CLANG_WARN_OBJC_IMPLICIT_RETAIN_SELF = YES;
				CLANG_WARN_OBJC_LITERAL_CONVERSION = YES;
				CLANG_WARN_OBJC_ROOT_CLASS = YES_ERROR;
				CLANG_WARN_QUOTED_INCLUDE_IN_FRAMEWORK_HEADER = YES;
				CLANG_WARN_RANGE_LOOP_ANALYSIS = YES;
				CLANG_WARN_STRICT_PROTOTYPES = YES;
				CLANG_WARN_SUSPICIOUS_MOVE = YES;
				CLANG_WARN_UNGUARDED_AVAILABILITY = YES_AGGRESSIVE;
				CLANG_WARN_UNREACHABLE_CODE = YES;
				CLANG_WARN__DUPLICATE_METHOD_MATCH = YES;
				COPY_PHASE_STRIP = NO;
				DEBUG_INFORMATION_FORMAT = dwarf;
				ENABLE_STRICT_OBJC_MSGSEND = YES;
				ENABLE_TESTABILITY = YES;
				GCC_C_LANGUAGE_STANDARD = gnu11;
				GCC_DYNAMIC_NO_PIC = NO;
				GCC_NO_COMMON_BLOCKS = YES;
				GCC_OPTIMIZATION_LEVEL = 0;
				GCC_PREPROCESSOR_DEFINITIONS = (
					"DEBUG=1",
					"$(inherited)",
				);
				GCC_WARN_64_TO_32_BIT_CONVERSION = YES;
				GCC_WARN_ABOUT_RETURN_TYPE = YES_ERROR;
				GCC_WARN_UNDECLARED_SELECTOR = YES;
				GCC_WARN_UNINITIALIZED_AUTOS = YES_AGGRESSIVE;
				GCC_WARN_UNUSED_FUNCTION = YES;
				GCC_WARN_UNUSED_VARIABLE = YES;
				IPHONEOS_DEPLOYMENT_TARGET = 13.0;
				MTL_ENABLE_DEBUG_INFO = INCLUDE_SOURCE;
				MTL_FAST_MATH = YES;
				ONLY_ACTIVE_ARCH = YES;
				SDKROOT = iphoneos;
				SWIFT_ACTIVE_COMPILATION_CONDITIONS = DEBUG;
				SWIFT_OPTIMIZATION_LEVEL = "-Onone";
			};
			name = Debug;
		};
		CCF633C82CBCE700006FDE35 /* Release */ = {
			isa = XCBuildConfiguration;
			buildSettings = {
				ALWAYS_SEARCH_USER_PATHS = NO;
				CLANG_ANALYZER_NONNULL = YES;
				CLANG_ANALYZER_NUMBER_OBJECT_CONVERSION = YES_AGGRESSIVE;
				CLANG_CXX_LANGUAGE_STANDARD = "gnu++20";
				CLANG_ENABLE_MODULES = YES;
				CLANG_ENABLE_OBJC_ARC = YES;
				CLANG_ENABLE_OBJC_WEAK = YES;
				CLANG_WARN_BLOCK_CAPTURE_AUTORELEASING = YES;
				CLANG_WARN_BOOL_CONVERSION = YES;
				CLANG_WARN_COMMA = YES;
				CLANG_WARN_CONSTANT_CONVERSION = YES;
				CLANG_WARN_DEPRECATED_OBJC_IMPLEMENTATIONS = YES;
				CLANG_WARN_DIRECT_OBJC_ISA_USAGE = YES_ERROR;
				CLANG_WARN_DOCUMENTATION_COMMENTS = YES;
				CLANG_WARN_EMPTY_BODY = YES;
				CLANG_WARN_ENUM_CONVERSION = YES;
				CLANG_WARN_INFINITE_RECURSION = YES;
				CLANG_WARN_INT_CONVERSION = YES;
				CLANG_WARN_NON_LITERAL_NULL_CONVERSION = YES;
				CLANG_WARN_OBJC_IMPLICIT_RETAIN_SELF = YES;
				CLANG_WARN_OBJC_LITERAL_CONVERSION = YES;
				CLANG_WARN_OBJC_ROOT_CLASS = YES_ERROR;
				CLANG_WARN_QUOTED_INCLUDE_IN_FRAMEWORK_HEADER = YES;
				CLANG_WARN_RANGE_LOOP_ANALYSIS = YES;
				CLANG_WARN_STRICT_PROTOTYPES = YES;
				CLANG_WARN_SUSPICIOUS_MOVE = YES;
				CLANG_WARN_UNGUARDED_AVAILABILITY = YES_AGGRESSIVE;
				CLANG_WARN_UNREACHABLE_CODE = YES;
				CLANG_WARN__DUPLICATE_METHOD_MATCH = YES;
				COPY_PHASE_STRIP = NO;
				DEBUG_INFORMATION_FORMAT = "dwarf-with-dsym";
				ENABLE_NS_ASSERTIONS = NO;
				ENABLE_STRICT_OBJC_MSGSEND = YES;
				GCC_C_LANGUAGE_STANDARD = gnu11;
				GCC_NO_COMMON_BLOCKS = YES;
				GCC_WARN_64_TO_32_BIT_CONVERSION = YES;
				GCC_WARN_ABOUT_RETURN_TYPE = YES_ERROR;
				GCC_WARN_UNDECLARED_SELECTOR = YES;
				GCC_WARN_UNINITIALIZED_AUTOS = YES_AGGRESSIVE;
				GCC_WARN_UNUSED_FUNCTION = YES;
				GCC_WARN_UNUSED_VARIABLE = YES;
				IPHONEOS_DEPLOYMENT_TARGET = 13.0;
				MTL_ENABLE_DEBUG_INFO = NO;
				MTL_FAST_MATH = YES;
				SDKROOT = iphoneos;
				SWIFT_COMPILATION_MODE = wholemodule;
				SWIFT_OPTIMIZATION_LEVEL = "-O";
				VALIDATE_PRODUCT = YES;
			};
			name = Release;
		};
		CCF633CA2CBCE700006FDE35 /* Debug */ = {
			isa = XCBuildConfiguration;
			baseConfigurationReference = 711D37F820307595B4C9FD6D /* Pods-SwiftRedesign.debug.xcconfig */;
			buildSettings = {
				ASSETCATALOG_COMPILER_APPICON_NAME = AppIcon;
				ASSETCATALOG_COMPILER_GLOBAL_ACCENT_COLOR_NAME = AccentColor;
				CODE_SIGN_STYLE = Automatic;
				CURRENT_PROJECT_VERSION = 1;
				DEVELOPMENT_TEAM = HT94Y2D6B3;
				GENERATE_INFOPLIST_FILE = YES;
				INFOPLIST_FILE = SwiftRedesign/Info.plist;
				INFOPLIST_KEY_UIApplicationSupportsIndirectInputEvents = YES;
				INFOPLIST_KEY_UILaunchStoryboardName = LaunchScreen;
				INFOPLIST_KEY_UISupportedInterfaceOrientations_iPad = "UIInterfaceOrientationPortrait UIInterfaceOrientationPortraitUpsideDown UIInterfaceOrientationLandscapeLeft UIInterfaceOrientationLandscapeRight";
				INFOPLIST_KEY_UISupportedInterfaceOrientations_iPhone = "UIInterfaceOrientationPortrait UIInterfaceOrientationLandscapeLeft UIInterfaceOrientationLandscapeRight";
				IPHONEOS_DEPLOYMENT_TARGET = 13.0;
				LD_RUNPATH_SEARCH_PATHS = (
					"$(inherited)",
					"@executable_path/Frameworks",
				);
				MARKETING_VERSION = 1.0;
				PRODUCT_BUNDLE_IDENTIFIER = com.product.app.SwiftRedesign;
				PRODUCT_NAME = "$(TARGET_NAME)";
				SWIFT_EMIT_LOC_STRINGS = YES;
				SWIFT_VERSION = 5.0;
				TARGETED_DEVICE_FAMILY = "1,2";
			};
			name = Debug;
		};
		CCF633CB2CBCE700006FDE35 /* Release */ = {
			isa = XCBuildConfiguration;
			baseConfigurationReference = 3AB1500F7479C27ADA22F888 /* Pods-SwiftRedesign.release.xcconfig */;
			buildSettings = {
				ASSETCATALOG_COMPILER_APPICON_NAME = AppIcon;
				ASSETCATALOG_COMPILER_GLOBAL_ACCENT_COLOR_NAME = AccentColor;
				CODE_SIGN_STYLE = Automatic;
				CURRENT_PROJECT_VERSION = 1;
				DEVELOPMENT_TEAM = HT94Y2D6B3;
				GENERATE_INFOPLIST_FILE = YES;
				INFOPLIST_FILE = SwiftRedesign/Info.plist;
				INFOPLIST_KEY_UIApplicationSupportsIndirectInputEvents = YES;
				INFOPLIST_KEY_UILaunchStoryboardName = LaunchScreen;
				INFOPLIST_KEY_UISupportedInterfaceOrientations_iPad = "UIInterfaceOrientationPortrait UIInterfaceOrientationPortraitUpsideDown UIInterfaceOrientationLandscapeLeft UIInterfaceOrientationLandscapeRight";
				INFOPLIST_KEY_UISupportedInterfaceOrientations_iPhone = "UIInterfaceOrientationPortrait UIInterfaceOrientationLandscapeLeft UIInterfaceOrientationLandscapeRight";
				IPHONEOS_DEPLOYMENT_TARGET = 13.0;
				LD_RUNPATH_SEARCH_PATHS = (
					"$(inherited)",
					"@executable_path/Frameworks",
				);
				MARKETING_VERSION = 1.0;
				PRODUCT_BUNDLE_IDENTIFIER = com.product.app.SwiftRedesign;
				PRODUCT_NAME = "$(TARGET_NAME)";
				SWIFT_EMIT_LOC_STRINGS = YES;
				SWIFT_VERSION = 5.0;
				TARGETED_DEVICE_FAMILY = "1,2";
			};
			name = Release;
		};
/* End XCBuildConfiguration section */

/* Begin XCConfigurationList section */
		CCF633B02CBCE6FF006FDE35 /* Build configuration list for PBXProject "SwiftRedesign" */ = {
			isa = XCConfigurationList;
			buildConfigurations = (
				CCF633C72CBCE700006FDE35 /* Debug */,
				CCF633C82CBCE700006FDE35 /* Release */,
			);
			defaultConfigurationIsVisible = 0;
			defaultConfigurationName = Release;
		};
		CCF633C92CBCE700006FDE35 /* Build configuration list for PBXNativeTarget "SwiftRedesign" */ = {
			isa = XCConfigurationList;
			buildConfigurations = (
				CCF633CA2CBCE700006FDE35 /* Debug */,
				CCF633CB2CBCE700006FDE35 /* Release */,
			);
			defaultConfigurationIsVisible = 0;
			defaultConfigurationName = Release;
		};
/* End XCConfigurationList section */
	};
	rootObject = CCF633AD2CBCE6FF006FDE35 /* Project object */;
}
